
Microsoft Visual Studio Solution File, Format Version 12.00
# Visual Studio Version 17
VisualStudioVersion = 17.7.34031.279
MinimumVisualStudioVersion = 10.0.40219.1
Project("{FAE04EC0-301F-11D3-BF4B-00C04F79EFBC}") = "Tale.MVC", "Tale.MVC\Tale.MVC.csproj", "{E7011B81-5A21-4091-A652-800A272CB331}"
EndProject
Global
	GlobalSection(SolutionConfigurationPlatforms) = preSolution
		Debug|Any CPU = Debug|Any CPU
		Release|Any CPU = Release|Any CPU
	EndGlobalSection
	GlobalSection(ProjectConfigurationPlatforms) = postSolution
		{E7011B81-5A21-4091-A652-800A272CB331}.Debug|Any CPU.ActiveCfg = Debug|Any CPU
		{E7011B81-5A21-4091-A652-800A272CB331}.Debug|Any CPU.Build.0 = Debug|Any CPU
		{E7011B81-5A21-4091-A652-800A272CB331}.Release|Any CPU.ActiveCfg = Release|Any CPU
		{E7011B81-5A21-4091-A652-800A272CB331}.Release|Any CPU.Build.0 = Release|Any CPU
	EndGlobalSection
	GlobalSection(SolutionProperties) = preSolution
		HideSolutionNode = FALSE
	EndGlobalSection
	GlobalSection(ExtensibilityGlobals) = postSolution
		SolutionGuid = {94E5BC2C-36CB-482D-871B-1772644C5141}
	EndGlobalSection
EndGlobal
